
Microsoft Visual Studio Solution File, Format Version 12.00
# Visual Studio Version 17
VisualStudioVersion = 17.2.32630.192
MinimumVisualStudioVersion = 10.0.40219.1
Project("{9A19103F-16F7-4668-BE54-9A1E7A4F7556}") = "Ejercicio", "Ejercicio\Ejercicio.csproj", "{F57E8025-9DE4-48E7-9B77-04E18A576C02}"
EndProject
Project("{9A19103F-16F7-4668-BE54-9A1E7A4F7556}") = "Service", "Service\Service.csproj", "{05586514-A424-4EDA-876A-139AF48EAA05}"
EndProject
Project("{9A19103F-16F7-4668-BE54-9A1E7A4F7556}") = "BlazorApp", "BlazorApp\BlazorApp.csproj", "{FAF5333D-40A2-4B54-9046-BD556A6D9551}"
EndProject
Global
	GlobalSection(SolutionConfigurationPlatforms) = preSolution
		Debug|Any CPU = Debug|Any CPU
		Release|Any CPU = Release|Any CPU
	EndGlobalSection
	GlobalSection(ProjectConfigurationPlatforms) = postSolution
		{F57E8025-9DE4-48E7-9B77-04E18A576C02}.Debug|Any CPU.ActiveCfg = Debug|Any CPU
		{F57E8025-9DE4-48E7-9B77-04E18A576C02}.Debug|Any CPU.Build.0 = Debug|Any CPU
		{F57E8025-9DE4-48E7-9B77-04E18A576C02}.Release|Any CPU.ActiveCfg = Release|Any CPU
		{F57E8025-9DE4-48E7-9B77-04E18A576C02}.Release|Any CPU.Build.0 = Release|Any CPU
		{05586514-A424-4EDA-876A-139AF48EAA05}.Debug|Any CPU.ActiveCfg = Debug|Any CPU
		{05586514-A424-4EDA-876A-139AF48EAA05}.Debug|Any CPU.Build.0 = Debug|Any CPU
		{05586514-A424-4EDA-876A-139AF48EAA05}.Release|Any CPU.ActiveCfg = Release|Any CPU
		{05586514-A424-4EDA-876A-139AF48EAA05}.Release|Any CPU.Build.0 = Release|Any CPU
		{FAF5333D-40A2-4B54-9046-BD556A6D9551}.Debug|Any CPU.ActiveCfg = Debug|Any CPU
		{FAF5333D-40A2-4B54-9046-BD556A6D9551}.Debug|Any CPU.Build.0 = Debug|Any CPU
		{FAF5333D-40A2-4B54-9046-BD556A6D9551}.Release|Any CPU.ActiveCfg = Release|Any CPU
		{FAF5333D-40A2-4B54-9046-BD556A6D9551}.Release|Any CPU.Build.0 = Release|Any CPU
	EndGlobalSection
	GlobalSection(SolutionProperties) = preSolution
		HideSolutionNode = FALSE
	EndGlobalSection
	GlobalSection(ExtensibilityGlobals) = postSolution
		SolutionGuid = {A3B40889-4894-46AC-B250-09400FECD57D}
	EndGlobalSection
EndGlobal
